
Microsoft Visual Studio Solution File, Format Version 12.00
# Visual Studio Version 17
VisualStudioVersion = 17.5.33627.172
MinimumVisualStudioVersion = 10.0.40219.1
Project("{FAE04EC0-301F-11D3-BF4B-00C04F79EFBC}") = "Donguler", "Donguler\Donguler.csproj", "{34758A88-34DD-4F14-93F8-C3AB1A36ADB9}"
EndProject
Project("{FAE04EC0-301F-11D3-BF4B-00C04F79EFBC}") = "Diziler", "Diziler\Diziler.csproj", "{F1F07875-217A-49FB-BC5B-F9A9C347879D}"
EndProject
Project("{FAE04EC0-301F-11D3-BF4B-00C04F79EFBC}") = "Koleksiyonlar", "Koleksiyonlar\Koleksiyonlar.csproj", "{7E5898A7-1691-4BD2-9F0A-596E2D453F5F}"
EndProject
Project("{FAE04EC0-301F-11D3-BF4B-00C04F79EFBC}") = "KararYapilari", "KararYapilari\KararYapilari.csproj", "{A152DE1A-FA6E-44A7-B1F6-4DA2C98649F3}"
EndProject
Project("{FAE04EC0-301F-11D3-BF4B-00C04F79EFBC}") = "Operatorler", "Operatorler\Operatorler.csproj", "{4528A287-248A-4F9E-94A8-CA8FB5E51E93}"
EndProject
Project("{FAE04EC0-301F-11D3-BF4B-00C04F79EFBC}") = "TurDonusumleri", "TurDonusumleri\TurDonusumleri.csproj", "{7FBE0643-2581-446C-963C-1784203A88C0}"
EndProject
Project("{FAE04EC0-301F-11D3-BF4B-00C04F79EFBC}") = "Degiskenler", "Degiskenler\Degiskenler.csproj", "{8A135D47-C64A-4F50-8B72-3284105E8F4B}"
EndProject
Project("{FAE04EC0-301F-11D3-BF4B-00C04F79EFBC}") = "Metot", "Metot\Metot.csproj", "{90BD8621-F885-477E-979A-E1D0BE8A89A1}"
EndProject
Project("{FAE04EC0-301F-11D3-BF4B-00C04F79EFBC}") = "MetotUygulama", "MetotUygulama\MetotUygulama.csproj", "{C01E54C5-EB82-4880-9DC8-419DD2BA107C}"
EndProject
Project("{FAE04EC0-301F-11D3-BF4B-00C04F79EFBC}") = "MetotOdev", "MetotOdev\MetotOdev.csproj", "{B7E911ED-688E-428A-8E89-9B0C14BB70CB}"
EndProject
Project("{FAE04EC0-301F-11D3-BF4B-00C04F79EFBC}") = "RefOutKullanimi", "RefOutKullanimi\RefOutKullanimi.csproj", "{63AA3439-189A-43D2-B6EE-2C3710CA06A2}"
EndProject
Project("{FAE04EC0-301F-11D3-BF4B-00C04F79EFBC}") = "MetotlaraAsiriYuklenmeIslemi", "MetotlaraAsiriYuklenmeIslemi\MetotlaraAsiriYuklenmeIslemi.csproj", "{29C83DF3-B4D5-479C-BB26-8677C5FB8617}"
EndProject
Project("{FAE04EC0-301F-11D3-BF4B-00C04F79EFBC}") = "MetotIcindeMetot_LocalFunction", "MetotIcindeMetot_LocalFunction\MetotIcindeMetot_LocalFunction.csproj", "{E7E92B21-9984-4B56-A8EB-678594C6F60E}"
EndProject
Project("{FAE04EC0-301F-11D3-BF4B-00C04F79EFBC}") = "OOP_Kapsülleme", "OOP_Kapsülleme\OOP_Kapsülleme.csproj", "{518AA9F8-5240-4A6A-AE24-15241233A10D}"
EndProject
Project("{FAE04EC0-301F-11D3-BF4B-00C04F79EFBC}") = "OOP_Siniflar", "OOP_Siniflar\OOP_Siniflar.csproj", "{204CC1EF-7A53-44DB-9B8F-3573E2B4CB0D}"
EndProject
Project("{FAE04EC0-301F-11D3-BF4B-00C04F79EFBC}") = "OOP_Static", "OOP_Static\OOP_Static.csproj", "{34A41E76-85CD-40A3-9428-74761E7A471E}"
EndProject
Project("{FAE04EC0-301F-11D3-BF4B-00C04F79EFBC}") = "OOP_StaticPersonelUygulaması", "OOP_StaticPersonelUygulaması\OOP_StaticPersonelUygulaması.csproj", "{27DC9B37-A874-4941-8A60-394A3A9206A6}"
EndProject
Project("{FAE04EC0-301F-11D3-BF4B-00C04F79EFBC}") = "OOP_StaticOdevUygulama", "OOP_StaticOdevUygulama\OOP_StaticOdevUygulama.csproj", "{5202C34F-4389-4886-BA7C-AB63A92526CE}"
EndProject
Project("{FAE04EC0-301F-11D3-BF4B-00C04F79EFBC}") = "OOP_InnerType", "OOP_InnerType\OOP_InnerType.csproj", "{BD9A5FA8-B38B-40B9-85D5-86206C501F5E}"
EndProject
Project("{FAE04EC0-301F-11D3-BF4B-00C04F79EFBC}") = "OOP_Kalitim", "OOP_Kalitim\OOP_Kalitim.csproj", "{87D6F5F8-F46F-4747-BA91-730C398C9B1B}"
EndProject
Project("{FAE04EC0-301F-11D3-BF4B-00C04F79EFBC}") = "OOP_KalitimOdevUygulama", "OOP_KalitimOdevUygulama\OOP_KalitimOdevUygulama.csproj", "{8B0355C4-9C2B-4F98-91B9-8E9D6E34756E}"
EndProject
Project("{FAE04EC0-301F-11D3-BF4B-00C04F79EFBC}") = "OOP_SanalMetot", "OOP_SanalMetot\OOP_SanalMetot.csproj", "{DD5A4898-8ED2-42D2-9B6E-15F92BF95EFB}"
EndProject
Project("{FAE04EC0-301F-11D3-BF4B-00C04F79EFBC}") = "OOP_SanalMetotKullanimi", "OOP_SanalMetotKullanimi\OOP_SanalMetotKullanimi.csproj", "{7E0EEE8A-A3E0-4251-9AFF-2F8F57B6ABBA}"
EndProject
Project("{FAE04EC0-301F-11D3-BF4B-00C04F79EFBC}") = "OOP_Abstract", "OOP_Abstract\OOP_Abstract.csproj", "{3E0F5CED-FBAC-4B4F-BEDA-39BD512A68C1}"
EndProject
Project("{FAE04EC0-301F-11D3-BF4B-00C04F79EFBC}") = "PartialClass", "PartialClass\PartialClass.csproj", "{24D60914-434A-4CDE-A247-EEFA04F9A9ED}"
EndProject
Project("{FAE04EC0-301F-11D3-BF4B-00C04F79EFBC}") = "OOP_Enum", "OOP_Enum\OOP_Enum.csproj", "{AF94ED0A-2D2A-48BE-A2DC-D3077583072D}"
EndProject
Project("{FAE04EC0-301F-11D3-BF4B-00C04F79EFBC}") = "OOP_Interface", "OOP_Interface\OOP_Interface.csproj", "{229FFBF3-9DF3-49E2-9B43-A7438AFD793F}"
EndProject
Project("{FAE04EC0-301F-11D3-BF4B-00C04F79EFBC}") = "GenericOncesiIslemler", "GenericOncesiIslemler\GenericOncesiIslemler.csproj", "{147C38B9-23DA-473F-8193-49D7419B9C8E}"
EndProject
Project("{FAE04EC0-301F-11D3-BF4B-00C04F79EFBC}") = "ListGeneric", "ListGeneric\ListGeneric.csproj", "{4F34D55D-2D05-4C5B-AA55-728EC61BF9E6}"
EndProject
Project("{FAE04EC0-301F-11D3-BF4B-00C04F79EFBC}") = "DictionarySortedListKoleksiyon", "DictionarySortedListKoleksiyon\DictionarySortedListKoleksiyon.csproj", "{AFE5B58D-D704-4E09-88F2-48D9D5C4F2D9}"
EndProject
Project("{FAE04EC0-301F-11D3-BF4B-00C04F79EFBC}") = "ListGenericInceleme", "ListGenericInceleme\ListGenericInceleme.csproj", "{A462E119-A70B-4130-87DD-3B327354A269}"
EndProject
Global
	GlobalSection(SolutionConfigurationPlatforms) = preSolution
		Debug|Any CPU = Debug|Any CPU
		Release|Any CPU = Release|Any CPU
	EndGlobalSection
	GlobalSection(ProjectConfigurationPlatforms) = postSolution
		{34758A88-34DD-4F14-93F8-C3AB1A36ADB9}.Debug|Any CPU.ActiveCfg = Debug|Any CPU
		{34758A88-34DD-4F14-93F8-C3AB1A36ADB9}.Debug|Any CPU.Build.0 = Debug|Any CPU
		{34758A88-34DD-4F14-93F8-C3AB1A36ADB9}.Release|Any CPU.ActiveCfg = Release|Any CPU
		{34758A88-34DD-4F14-93F8-C3AB1A36ADB9}.Release|Any CPU.Build.0 = Release|Any CPU
		{F1F07875-217A-49FB-BC5B-F9A9C347879D}.Debug|Any CPU.ActiveCfg = Debug|Any CPU
		{F1F07875-217A-49FB-BC5B-F9A9C347879D}.Debug|Any CPU.Build.0 = Debug|Any CPU
		{F1F07875-217A-49FB-BC5B-F9A9C347879D}.Release|Any CPU.ActiveCfg = Release|Any CPU
		{F1F07875-217A-49FB-BC5B-F9A9C347879D}.Release|Any CPU.Build.0 = Release|Any CPU
		{7E5898A7-1691-4BD2-9F0A-596E2D453F5F}.Debug|Any CPU.ActiveCfg = Debug|Any CPU
		{7E5898A7-1691-4BD2-9F0A-596E2D453F5F}.Debug|Any CPU.Build.0 = Debug|Any CPU
		{7E5898A7-1691-4BD2-9F0A-596E2D453F5F}.Release|Any CPU.ActiveCfg = Release|Any CPU
		{7E5898A7-1691-4BD2-9F0A-596E2D453F5F}.Release|Any CPU.Build.0 = Release|Any CPU
		{A152DE1A-FA6E-44A7-B1F6-4DA2C98649F3}.Debug|Any CPU.ActiveCfg = Debug|Any CPU
		{A152DE1A-FA6E-44A7-B1F6-4DA2C98649F3}.Debug|Any CPU.Build.0 = Debug|Any CPU
		{A152DE1A-FA6E-44A7-B1F6-4DA2C98649F3}.Release|Any CPU.ActiveCfg = Release|Any CPU
		{A152DE1A-FA6E-44A7-B1F6-4DA2C98649F3}.Release|Any CPU.Build.0 = Release|Any CPU
		{4528A287-248A-4F9E-94A8-CA8FB5E51E93}.Debug|Any CPU.ActiveCfg = Debug|Any CPU
		{4528A287-248A-4F9E-94A8-CA8FB5E51E93}.Debug|Any CPU.Build.0 = Debug|Any CPU
		{4528A287-248A-4F9E-94A8-CA8FB5E51E93}.Release|Any CPU.ActiveCfg = Release|Any CPU
		{4528A287-248A-4F9E-94A8-CA8FB5E51E93}.Release|Any CPU.Build.0 = Release|Any CPU
		{7FBE0643-2581-446C-963C-1784203A88C0}.Debug|Any CPU.ActiveCfg = Debug|Any CPU
		{7FBE0643-2581-446C-963C-1784203A88C0}.Debug|Any CPU.Build.0 = Debug|Any CPU
		{7FBE0643-2581-446C-963C-1784203A88C0}.Release|Any CPU.ActiveCfg = Release|Any CPU
		{7FBE0643-2581-446C-963C-1784203A88C0}.Release|Any CPU.Build.0 = Release|Any CPU
		{8A135D47-C64A-4F50-8B72-3284105E8F4B}.Debug|Any CPU.ActiveCfg = Debug|Any CPU
		{8A135D47-C64A-4F50-8B72-3284105E8F4B}.Debug|Any CPU.Build.0 = Debug|Any CPU
		{8A135D47-C64A-4F50-8B72-3284105E8F4B}.Release|Any CPU.ActiveCfg = Release|Any CPU
		{8A135D47-C64A-4F50-8B72-3284105E8F4B}.Release|Any CPU.Build.0 = Release|Any CPU
		{90BD8621-F885-477E-979A-E1D0BE8A89A1}.Debug|Any CPU.ActiveCfg = Debug|Any CPU
		{90BD8621-F885-477E-979A-E1D0BE8A89A1}.Debug|Any CPU.Build.0 = Debug|Any CPU
		{90BD8621-F885-477E-979A-E1D0BE8A89A1}.Release|Any CPU.ActiveCfg = Release|Any CPU
		{90BD8621-F885-477E-979A-E1D0BE8A89A1}.Release|Any CPU.Build.0 = Release|Any CPU
		{C01E54C5-EB82-4880-9DC8-419DD2BA107C}.Debug|Any CPU.ActiveCfg = Debug|Any CPU
		{C01E54C5-EB82-4880-9DC8-419DD2BA107C}.Debug|Any CPU.Build.0 = Debug|Any CPU
		{C01E54C5-EB82-4880-9DC8-419DD2BA107C}.Release|Any CPU.ActiveCfg = Release|Any CPU
		{C01E54C5-EB82-4880-9DC8-419DD2BA107C}.Release|Any CPU.Build.0 = Release|Any CPU
		{B7E911ED-688E-428A-8E89-9B0C14BB70CB}.Debug|Any CPU.ActiveCfg = Debug|Any CPU
		{B7E911ED-688E-428A-8E89-9B0C14BB70CB}.Debug|Any CPU.Build.0 = Debug|Any CPU
		{B7E911ED-688E-428A-8E89-9B0C14BB70CB}.Release|Any CPU.ActiveCfg = Release|Any CPU
		{B7E911ED-688E-428A-8E89-9B0C14BB70CB}.Release|Any CPU.Build.0 = Release|Any CPU
		{63AA3439-189A-43D2-B6EE-2C3710CA06A2}.Debug|Any CPU.ActiveCfg = Debug|Any CPU
		{63AA3439-189A-43D2-B6EE-2C3710CA06A2}.Debug|Any CPU.Build.0 = Debug|Any CPU
		{63AA3439-189A-43D2-B6EE-2C3710CA06A2}.Release|Any CPU.ActiveCfg = Release|Any CPU
		{63AA3439-189A-43D2-B6EE-2C3710CA06A2}.Release|Any CPU.Build.0 = Release|Any CPU
		{29C83DF3-B4D5-479C-BB26-8677C5FB8617}.Debug|Any CPU.ActiveCfg = Debug|Any CPU
		{29C83DF3-B4D5-479C-BB26-8677C5FB8617}.Debug|Any CPU.Build.0 = Debug|Any CPU
		{29C83DF3-B4D5-479C-BB26-8677C5FB8617}.Release|Any CPU.ActiveCfg = Release|Any CPU
		{29C83DF3-B4D5-479C-BB26-8677C5FB8617}.Release|Any CPU.Build.0 = Release|Any CPU
		{E7E92B21-9984-4B56-A8EB-678594C6F60E}.Debug|Any CPU.ActiveCfg = Debug|Any CPU
		{E7E92B21-9984-4B56-A8EB-678594C6F60E}.Debug|Any CPU.Build.0 = Debug|Any CPU
		{E7E92B21-9984-4B56-A8EB-678594C6F60E}.Release|Any CPU.ActiveCfg = Release|Any CPU
		{E7E92B21-9984-4B56-A8EB-678594C6F60E}.Release|Any CPU.Build.0 = Release|Any CPU
		{518AA9F8-5240-4A6A-AE24-15241233A10D}.Debug|Any CPU.ActiveCfg = Debug|Any CPU
		{518AA9F8-5240-4A6A-AE24-15241233A10D}.Debug|Any CPU.Build.0 = Debug|Any CPU
		{518AA9F8-5240-4A6A-AE24-15241233A10D}.Release|Any CPU.ActiveCfg = Release|Any CPU
		{518AA9F8-5240-4A6A-AE24-15241233A10D}.Release|Any CPU.Build.0 = Release|Any CPU
		{204CC1EF-7A53-44DB-9B8F-3573E2B4CB0D}.Debug|Any CPU.ActiveCfg = Debug|Any CPU
		{204CC1EF-7A53-44DB-9B8F-3573E2B4CB0D}.Debug|Any CPU.Build.0 = Debug|Any CPU
		{204CC1EF-7A53-44DB-9B8F-3573E2B4CB0D}.Release|Any CPU.ActiveCfg = Release|Any CPU
		{204CC1EF-7A53-44DB-9B8F-3573E2B4CB0D}.Release|Any CPU.Build.0 = Release|Any CPU
		{34A41E76-85CD-40A3-9428-74761E7A471E}.Debug|Any CPU.ActiveCfg = Debug|Any CPU
		{34A41E76-85CD-40A3-9428-74761E7A471E}.Debug|Any CPU.Build.0 = Debug|Any CPU
		{34A41E76-85CD-40A3-9428-74761E7A471E}.Release|Any CPU.ActiveCfg = Release|Any CPU
		{34A41E76-85CD-40A3-9428-74761E7A471E}.Release|Any CPU.Build.0 = Release|Any CPU
		{27DC9B37-A874-4941-8A60-394A3A9206A6}.Debug|Any CPU.ActiveCfg = Debug|Any CPU
		{27DC9B37-A874-4941-8A60-394A3A9206A6}.Debug|Any CPU.Build.0 = Debug|Any CPU
		{27DC9B37-A874-4941-8A60-394A3A9206A6}.Release|Any CPU.ActiveCfg = Release|Any CPU
		{27DC9B37-A874-4941-8A60-394A3A9206A6}.Release|Any CPU.Build.0 = Release|Any CPU
		{5202C34F-4389-4886-BA7C-AB63A92526CE}.Debug|Any CPU.ActiveCfg = Debug|Any CPU
		{5202C34F-4389-4886-BA7C-AB63A92526CE}.Debug|Any CPU.Build.0 = Debug|Any CPU
		{5202C34F-4389-4886-BA7C-AB63A92526CE}.Release|Any CPU.ActiveCfg = Release|Any CPU
		{5202C34F-4389-4886-BA7C-AB63A92526CE}.Release|Any CPU.Build.0 = Release|Any CPU
		{BD9A5FA8-B38B-40B9-85D5-86206C501F5E}.Debug|Any CPU.ActiveCfg = Debug|Any CPU
		{BD9A5FA8-B38B-40B9-85D5-86206C501F5E}.Debug|Any CPU.Build.0 = Debug|Any CPU
		{BD9A5FA8-B38B-40B9-85D5-86206C501F5E}.Release|Any CPU.ActiveCfg = Release|Any CPU
		{BD9A5FA8-B38B-40B9-85D5-86206C501F5E}.Release|Any CPU.Build.0 = Release|Any CPU
		{87D6F5F8-F46F-4747-BA91-730C398C9B1B}.Debug|Any CPU.ActiveCfg = Debug|Any CPU
		{87D6F5F8-F46F-4747-BA91-730C398C9B1B}.Debug|Any CPU.Build.0 = Debug|Any CPU
		{87D6F5F8-F46F-4747-BA91-730C398C9B1B}.Release|Any CPU.ActiveCfg = Release|Any CPU
		{87D6F5F8-F46F-4747-BA91-730C398C9B1B}.Release|Any CPU.Build.0 = Release|Any CPU
		{8B0355C4-9C2B-4F98-91B9-8E9D6E34756E}.Debug|Any CPU.ActiveCfg = Debug|Any CPU
		{8B0355C4-9C2B-4F98-91B9-8E9D6E34756E}.Debug|Any CPU.Build.0 = Debug|Any CPU
		{8B0355C4-9C2B-4F98-91B9-8E9D6E34756E}.Release|Any CPU.ActiveCfg = Release|Any CPU
		{8B0355C4-9C2B-4F98-91B9-8E9D6E34756E}.Release|Any CPU.Build.0 = Release|Any CPU
		{DD5A4898-8ED2-42D2-9B6E-15F92BF95EFB}.Debug|Any CPU.ActiveCfg = Debug|Any CPU
		{DD5A4898-8ED2-42D2-9B6E-15F92BF95EFB}.Debug|Any CPU.Build.0 = Debug|Any CPU
		{DD5A4898-8ED2-42D2-9B6E-15F92BF95EFB}.Release|Any CPU.ActiveCfg = Release|Any CPU
		{DD5A4898-8ED2-42D2-9B6E-15F92BF95EFB}.Release|Any CPU.Build.0 = Release|Any CPU
		{7E0EEE8A-A3E0-4251-9AFF-2F8F57B6ABBA}.Debug|Any CPU.ActiveCfg = Debug|Any CPU
		{7E0EEE8A-A3E0-4251-9AFF-2F8F57B6ABBA}.Debug|Any CPU.Build.0 = Debug|Any CPU
		{7E0EEE8A-A3E0-4251-9AFF-2F8F57B6ABBA}.Release|Any CPU.ActiveCfg = Release|Any CPU
		{7E0EEE8A-A3E0-4251-9AFF-2F8F57B6ABBA}.Release|Any CPU.Build.0 = Release|Any CPU
		{3E0F5CED-FBAC-4B4F-BEDA-39BD512A68C1}.Debug|Any CPU.ActiveCfg = Debug|Any CPU
		{3E0F5CED-FBAC-4B4F-BEDA-39BD512A68C1}.Debug|Any CPU.Build.0 = Debug|Any CPU
		{3E0F5CED-FBAC-4B4F-BEDA-39BD512A68C1}.Release|Any CPU.ActiveCfg = Release|Any CPU
		{3E0F5CED-FBAC-4B4F-BEDA-39BD512A68C1}.Release|Any CPU.Build.0 = Release|Any CPU
		{24D60914-434A-4CDE-A247-EEFA04F9A9ED}.Debug|Any CPU.ActiveCfg = Debug|Any CPU
		{24D60914-434A-4CDE-A247-EEFA04F9A9ED}.Debug|Any CPU.Build.0 = Debug|Any CPU
		{24D60914-434A-4CDE-A247-EEFA04F9A9ED}.Release|Any CPU.ActiveCfg = Release|Any CPU
		{24D60914-434A-4CDE-A247-EEFA04F9A9ED}.Release|Any CPU.Build.0 = Release|Any CPU
		{AF94ED0A-2D2A-48BE-A2DC-D3077583072D}.Debug|Any CPU.ActiveCfg = Debug|Any CPU
		{AF94ED0A-2D2A-48BE-A2DC-D3077583072D}.Debug|Any CPU.Build.0 = Debug|Any CPU
		{AF94ED0A-2D2A-48BE-A2DC-D3077583072D}.Release|Any CPU.ActiveCfg = Release|Any CPU
		{AF94ED0A-2D2A-48BE-A2DC-D3077583072D}.Release|Any CPU.Build.0 = Release|Any CPU
		{229FFBF3-9DF3-49E2-9B43-A7438AFD793F}.Debug|Any CPU.ActiveCfg = Debug|Any CPU
		{229FFBF3-9DF3-49E2-9B43-A7438AFD793F}.Debug|Any CPU.Build.0 = Debug|Any CPU
		{229FFBF3-9DF3-49E2-9B43-A7438AFD793F}.Release|Any CPU.ActiveCfg = Release|Any CPU
		{229FFBF3-9DF3-49E2-9B43-A7438AFD793F}.Release|Any CPU.Build.0 = Release|Any CPU
		{147C38B9-23DA-473F-8193-49D7419B9C8E}.Debug|Any CPU.ActiveCfg = Debug|Any CPU
		{147C38B9-23DA-473F-8193-49D7419B9C8E}.Debug|Any CPU.Build.0 = Debug|Any CPU
		{147C38B9-23DA-473F-8193-49D7419B9C8E}.Release|Any CPU.ActiveCfg = Release|Any CPU
		{147C38B9-23DA-473F-8193-49D7419B9C8E}.Release|Any CPU.Build.0 = Release|Any CPU
		{4F34D55D-2D05-4C5B-AA55-728EC61BF9E6}.Debug|Any CPU.ActiveCfg = Debug|Any CPU
		{4F34D55D-2D05-4C5B-AA55-728EC61BF9E6}.Debug|Any CPU.Build.0 = Debug|Any CPU
		{4F34D55D-2D05-4C5B-AA55-728EC61BF9E6}.Release|Any CPU.ActiveCfg = Release|Any CPU
		{4F34D55D-2D05-4C5B-AA55-728EC61BF9E6}.Release|Any CPU.Build.0 = Release|Any CPU
		{AFE5B58D-D704-4E09-88F2-48D9D5C4F2D9}.Debug|Any CPU.ActiveCfg = Debug|Any CPU
		{AFE5B58D-D704-4E09-88F2-48D9D5C4F2D9}.Debug|Any CPU.Build.0 = Debug|Any CPU
		{AFE5B58D-D704-4E09-88F2-48D9D5C4F2D9}.Release|Any CPU.ActiveCfg = Release|Any CPU
		{AFE5B58D-D704-4E09-88F2-48D9D5C4F2D9}.Release|Any CPU.Build.0 = Release|Any CPU
		{A462E119-A70B-4130-87DD-3B327354A269}.Debug|Any CPU.ActiveCfg = Debug|Any CPU
		{A462E119-A70B-4130-87DD-3B327354A269}.Debug|Any CPU.Build.0 = Debug|Any CPU
		{A462E119-A70B-4130-87DD-3B327354A269}.Release|Any CPU.ActiveCfg = Release|Any CPU
		{A462E119-A70B-4130-87DD-3B327354A269}.Release|Any CPU.Build.0 = Release|Any CPU
	EndGlobalSection
	GlobalSection(SolutionProperties) = preSolution
		HideSolutionNode = FALSE
	EndGlobalSection
	GlobalSection(ExtensibilityGlobals) = postSolution
		SolutionGuid = {DCF9DD08-E37C-43C8-9090-4A20C21214FD}
	EndGlobalSection
EndGlobal
